
Microsoft Visual Studio Solution File, Format Version 12.00
# Visual Studio 2013
VisualStudioVersion = 12.0.31101.0
MinimumVisualStudioVersion = 10.0.40219.1
Project("{FAE04EC0-301F-11D3-BF4B-00C04F79EFBC}") = "Analyzer", "Analyzer\Analyzer.csproj", "{A2F2B01C-616C-4283-8114-136F0E094685}"
EndProject
Project("{FAE04EC0-301F-11D3-BF4B-00C04F79EFBC}") = "Analyzer.BusinessLogic", "Analyzer.Services\Analyzer.BusinessLogic.csproj", "{49BFB22B-46DD-4C84-9411-1E9E2E8DE0AB}"
EndProject
Global
	GlobalSection(SolutionConfigurationPlatforms) = preSolution
		Debug|Any CPU = Debug|Any CPU
		Release|Any CPU = Release|Any CPU
	EndGlobalSection
	GlobalSection(ProjectConfigurationPlatforms) = postSolution
		{A2F2B01C-616C-4283-8114-136F0E094685}.Debug|Any CPU.ActiveCfg = Debug|Any CPU
		{A2F2B01C-616C-4283-8114-136F0E094685}.Debug|Any CPU.Build.0 = Debug|Any CPU
		{A2F2B01C-616C-4283-8114-136F0E094685}.Release|Any CPU.ActiveCfg = Release|Any CPU
		{A2F2B01C-616C-4283-8114-136F0E094685}.Release|Any CPU.Build.0 = Release|Any CPU
		{49BFB22B-46DD-4C84-9411-1E9E2E8DE0AB}.Debug|Any CPU.ActiveCfg = Debug|Any CPU
		{49BFB22B-46DD-4C84-9411-1E9E2E8DE0AB}.Debug|Any CPU.Build.0 = Debug|Any CPU
		{49BFB22B-46DD-4C84-9411-1E9E2E8DE0AB}.Release|Any CPU.ActiveCfg = Release|Any CPU
		{49BFB22B-46DD-4C84-9411-1E9E2E8DE0AB}.Release|Any CPU.Build.0 = Release|Any CPU
	EndGlobalSection
	GlobalSection(SolutionProperties) = preSolution
		HideSolutionNode = FALSE
	EndGlobalSection
EndGlobal
